// !$*UTF8*$!
{
	archiveVersion = 1;
	classes = {
	};
	objectVersion = 55;
	objects = {

/* Begin PBXBuildFile section */
		1EC2175427A4BB0A00DD589C /* AlertActionConvertible.swift in Sources */ = {isa = PBXBuildFile; fileRef = 1EC2175327A4BB0A00DD589C /* AlertActionConvertible.swift */; };
		1EC36C9027A353B800A51F90 /* AppDelegate.swift in Sources */ = {isa = PBXBuildFile; fileRef = 1EC36C8F27A353B800A51F90 /* AppDelegate.swift */; };
		1EC36C9227A353B800A51F90 /* SceneDelegate.swift in Sources */ = {isa = PBXBuildFile; fileRef = 1EC36C9127A353B800A51F90 /* SceneDelegate.swift */; };
		1EC36C9927A353BA00A51F90 /* Assets.xcassets in Resources */ = {isa = PBXBuildFile; fileRef = 1EC36C9827A353BA00A51F90 /* Assets.xcassets */; };
		1EC36C9C27A353BA00A51F90 /* LaunchScreen.storyboard in Resources */ = {isa = PBXBuildFile; fileRef = 1EC36C9A27A353BA00A51F90 /* LaunchScreen.storyboard */; };
		1EC36CA427A362E500A51F90 /* MainViewController.swift in Sources */ = {isa = PBXBuildFile; fileRef = 1EC36CA327A362E500A51F90 /* MainViewController.swift */; };
		1EC36CA627A363C100A51F90 /* SearchBar.swift in Sources */ = {isa = PBXBuildFile; fileRef = 1EC36CA527A363C100A51F90 /* SearchBar.swift */; };
		1EC36CA827A36AB500A51F90 /* FilterView.swift in Sources */ = {isa = PBXBuildFile; fileRef = 1EC36CA727A36AB500A51F90 /* FilterView.swift */; };
		1EC36CAA27A36C0F00A51F90 /* BlogList.swift in Sources */ = {isa = PBXBuildFile; fileRef = 1EC36CA927A36C0F00A51F90 /* BlogList.swift */; };
		1EC36CAC27A36C2A00A51F90 /* BlogListCell.swift in Sources */ = {isa = PBXBuildFile; fileRef = 1EC36CAB27A36C2A00A51F90 /* BlogListCell.swift */; };
		1EC36CAE27A36C3900A51F90 /* BlogListCellData.swift in Sources */ = {isa = PBXBuildFile; fileRef = 1EC36CAD27A36C3900A51F90 /* BlogListCellData.swift */; };
		5ACD22C42FD16C7113A9EE37 /* Pods_DaumCafeBlogRxSwift.framework in Frameworks */ = {isa = PBXBuildFile; fileRef = DFF9C899253521FCDB61AECD /* Pods_DaumCafeBlogRxSwift.framework */; };
/* End PBXBuildFile section */

/* Begin PBXFileReference section */
		1EC2175327A4BB0A00DD589C /* AlertActionConvertible.swift */ = {isa = PBXFileReference; lastKnownFileType = sourcecode.swift; path = AlertActionConvertible.swift; sourceTree = "<group>"; };
		1EC36C8C27A353B800A51F90 /* DaumCafeBlogRxSwift.app */ = {isa = PBXFileReference; explicitFileType = wrapper.application; includeInIndex = 0; path = DaumCafeBlogRxSwift.app; sourceTree = BUILT_PRODUCTS_DIR; };
		1EC36C8F27A353B800A51F90 /* AppDelegate.swift */ = {isa = PBXFileReference; lastKnownFileType = sourcecode.swift; path = AppDelegate.swift; sourceTree = "<group>"; };
		1EC36C9127A353B800A51F90 /* SceneDelegate.swift */ = {isa = PBXFileReference; lastKnownFileType = sourcecode.swift; path = SceneDelegate.swift; sourceTree = "<group>"; };
		1EC36C9827A353BA00A51F90 /* Assets.xcassets */ = {isa = PBXFileReference; lastKnownFileType = folder.assetcatalog; path = Assets.xcassets; sourceTree = "<group>"; };
		1EC36C9B27A353BA00A51F90 /* Base */ = {isa = PBXFileReference; lastKnownFileType = file.storyboard; name = Base; path = Base.lproj/LaunchScreen.storyboard; sourceTree = "<group>"; };
		1EC36C9D27A353BA00A51F90 /* Info.plist */ = {isa = PBXFileReference; lastKnownFileType = text.plist.xml; path = Info.plist; sourceTree = "<group>"; };
		1EC36CA327A362E500A51F90 /* MainViewController.swift */ = {isa = PBXFileReference; lastKnownFileType = sourcecode.swift; path = MainViewController.swift; sourceTree = "<group>"; };
		1EC36CA527A363C100A51F90 /* SearchBar.swift */ = {isa = PBXFileReference; lastKnownFileType = sourcecode.swift; path = SearchBar.swift; sourceTree = "<group>"; };
		1EC36CA727A36AB500A51F90 /* FilterView.swift */ = {isa = PBXFileReference; lastKnownFileType = sourcecode.swift; path = FilterView.swift; sourceTree = "<group>"; };
		1EC36CA927A36C0F00A51F90 /* BlogList.swift */ = {isa = PBXFileReference; lastKnownFileType = sourcecode.swift; path = BlogList.swift; sourceTree = "<group>"; };
		1EC36CAB27A36C2A00A51F90 /* BlogListCell.swift */ = {isa = PBXFileReference; lastKnownFileType = sourcecode.swift; path = BlogListCell.swift; sourceTree = "<group>"; };
		1EC36CAD27A36C3900A51F90 /* BlogListCellData.swift */ = {isa = PBXFileReference; lastKnownFileType = sourcecode.swift; path = BlogListCellData.swift; sourceTree = "<group>"; };
		2413E4B0255DC4542C20C6B1 /* Pods-DaumCafeBlogRxSwift.debug.xcconfig */ = {isa = PBXFileReference; includeInIndex = 1; lastKnownFileType = text.xcconfig; name = "Pods-DaumCafeBlogRxSwift.debug.xcconfig"; path = "Target Support Files/Pods-DaumCafeBlogRxSwift/Pods-DaumCafeBlogRxSwift.debug.xcconfig"; sourceTree = "<group>"; };
		44C20F40738D922B6B17A0E7 /* Pods-DaumCafeBlogRxSwift.release.xcconfig */ = {isa = PBXFileReference; includeInIndex = 1; lastKnownFileType = text.xcconfig; name = "Pods-DaumCafeBlogRxSwift.release.xcconfig"; path = "Target Support Files/Pods-DaumCafeBlogRxSwift/Pods-DaumCafeBlogRxSwift.release.xcconfig"; sourceTree = "<group>"; };
		DFF9C899253521FCDB61AECD /* Pods_DaumCafeBlogRxSwift.framework */ = {isa = PBXFileReference; explicitFileType = wrapper.framework; includeInIndex = 0; path = Pods_DaumCafeBlogRxSwift.framework; sourceTree = BUILT_PRODUCTS_DIR; };
/* End PBXFileReference section */

/* Begin PBXFrameworksBuildPhase section */
		1EC36C8927A353B800A51F90 /* Frameworks */ = {
			isa = PBXFrameworksBuildPhase;
			buildActionMask = 2147483647;
			files = (
				5ACD22C42FD16C7113A9EE37 /* Pods_DaumCafeBlogRxSwift.framework in Frameworks */,
			);
			runOnlyForDeploymentPostprocessing = 0;
		};
/* End PBXFrameworksBuildPhase section */

/* Begin PBXGroup section */
		1EC2174E27A4B9E300DD589C /* MainViewController */ = {
			isa = PBXGroup;
			children = (
				1EC36CA327A362E500A51F90 /* MainViewController.swift */,
				1EC2174F27A4B9EC00DD589C /* SubComponents */,
			);
			path = MainViewController;
			sourceTree = "<group>";
		};
		1EC2174F27A4B9EC00DD589C /* SubComponents */ = {
			isa = PBXGroup;
			children = (
				1EC2175027A4BA1F00DD589C /* SearchBar */,
				1EC2175127A4BA2800DD589C /* BlogListView */,
			);
			path = SubComponents;
			sourceTree = "<group>";
		};
		1EC2175027A4BA1F00DD589C /* SearchBar */ = {
			isa = PBXGroup;
			children = (
				1EC36CA527A363C100A51F90 /* SearchBar.swift */,
			);
			path = SearchBar;
			sourceTree = "<group>";
		};
		1EC2175127A4BA2800DD589C /* BlogListView */ = {
			isa = PBXGroup;
			children = (
				1EC2175227A4BA3900DD589C /* SubComponents */,
				1EC36CA927A36C0F00A51F90 /* BlogList.swift */,
			);
			path = BlogListView;
			sourceTree = "<group>";
		};
		1EC2175227A4BA3900DD589C /* SubComponents */ = {
			isa = PBXGroup;
			children = (
				1EC36CA727A36AB500A51F90 /* FilterView.swift */,
				1EC36CAB27A36C2A00A51F90 /* BlogListCell.swift */,
			);
			path = SubComponents;
			sourceTree = "<group>";
		};
		1EC36C8327A353B800A51F90 = {
			isa = PBXGroup;
			children = (
				1EC36C8E27A353B800A51F90 /* DaumCafeBlogRxSwift */,
				1EC36C8D27A353B800A51F90 /* Products */,
				E3F3BDBCBCA20D528806BC48 /* Pods */,
				DE979421E878FAE50F74F0AF /* Frameworks */,
			);
			sourceTree = "<group>";
		};
		1EC36C8D27A353B800A51F90 /* Products */ = {
			isa = PBXGroup;
			children = (
				1EC36C8C27A353B800A51F90 /* DaumCafeBlogRxSwift.app */,
			);
			name = Products;
			sourceTree = "<group>";
		};
		1EC36C8E27A353B800A51F90 /* DaumCafeBlogRxSwift */ = {
			isa = PBXGroup;
			children = (
				1EC36C8F27A353B800A51F90 /* AppDelegate.swift */,
				1EC36C9127A353B800A51F90 /* SceneDelegate.swift */,
				1EC36CAF27A36C6F00A51F90 /* Entities */,
				1EC36CB027A36C8700A51F90 /* Presentation */,
				1EC36C9827A353BA00A51F90 /* Assets.xcassets */,
				1EC36C9A27A353BA00A51F90 /* LaunchScreen.storyboard */,
				1EC36C9D27A353BA00A51F90 /* Info.plist */,
			);
			path = DaumCafeBlogRxSwift;
			sourceTree = "<group>";
		};
		1EC36CAF27A36C6F00A51F90 /* Entities */ = {
			isa = PBXGroup;
			children = (
				1EC36CAD27A36C3900A51F90 /* BlogListCellData.swift */,
				1EC2175327A4BB0A00DD589C /* AlertActionConvertible.swift */,
			);
			path = Entities;
			sourceTree = "<group>";
		};
		1EC36CB027A36C8700A51F90 /* Presentation */ = {
			isa = PBXGroup;
			children = (
				1EC2174E27A4B9E300DD589C /* MainViewController */,
			);
			path = Presentation;
			sourceTree = "<group>";
		};
		DE979421E878FAE50F74F0AF /* Frameworks */ = {
			isa = PBXGroup;
			children = (
				DFF9C899253521FCDB61AECD /* Pods_DaumCafeBlogRxSwift.framework */,
			);
			name = Frameworks;
			sourceTree = "<group>";
		};
		E3F3BDBCBCA20D528806BC48 /* Pods */ = {
			isa = PBXGroup;
			children = (
				2413E4B0255DC4542C20C6B1 /* Pods-DaumCafeBlogRxSwift.debug.xcconfig */,
				44C20F40738D922B6B17A0E7 /* Pods-DaumCafeBlogRxSwift.release.xcconfig */,
			);
			path = Pods;
			sourceTree = "<group>";
		};
/* End PBXGroup section */

/* Begin PBXNativeTarget section */
		1EC36C8B27A353B800A51F90 /* DaumCafeBlogRxSwift */ = {
			isa = PBXNativeTarget;
			buildConfigurationList = 1EC36CA027A353BA00A51F90 /* Build configuration list for PBXNativeTarget "DaumCafeBlogRxSwift" */;
			buildPhases = (
				CB305AD6F5B232134CEE18A1 /* [CP] Check Pods Manifest.lock */,
				1EC36C8827A353B800A51F90 /* Sources */,
				1EC36C8927A353B800A51F90 /* Frameworks */,
				1EC36C8A27A353B800A51F90 /* Resources */,
				4E83B9ACD41638278BC11F49 /* [CP] Embed Pods Frameworks */,
			);
			buildRules = (
			);
			dependencies = (
			);
			name = DaumCafeBlogRxSwift;
			productName = DaumCafeBlogRxSwift;
			productReference = 1EC36C8C27A353B800A51F90 /* DaumCafeBlogRxSwift.app */;
			productType = "com.apple.product-type.application";
		};
/* End PBXNativeTarget section */

/* Begin PBXProject section */
		1EC36C8427A353B800A51F90 /* Project object */ = {
			isa = PBXProject;
			attributes = {
				BuildIndependentTargetsInParallel = 1;
				LastSwiftUpdateCheck = 1320;
				LastUpgradeCheck = 1320;
				TargetAttributes = {
					1EC36C8B27A353B800A51F90 = {
						CreatedOnToolsVersion = 13.2.1;
					};
				};
			};
			buildConfigurationList = 1EC36C8727A353B800A51F90 /* Build configuration list for PBXProject "DaumCafeBlogRxSwift" */;
			compatibilityVersion = "Xcode 13.0";
			developmentRegion = en;
			hasScannedForEncodings = 0;
			knownRegions = (
				en,
				Base,
			);
			mainGroup = 1EC36C8327A353B800A51F90;
			productRefGroup = 1EC36C8D27A353B800A51F90 /* Products */;
			projectDirPath = "";
			projectRoot = "";
			targets = (
				1EC36C8B27A353B800A51F90 /* DaumCafeBlogRxSwift */,
			);
		};
/* End PBXProject section */

/* Begin PBXResourcesBuildPhase section */
		1EC36C8A27A353B800A51F90 /* Resources */ = {
			isa = PBXResourcesBuildPhase;
			buildActionMask = 2147483647;
			files = (
				1EC36C9C27A353BA00A51F90 /* LaunchScreen.storyboard in Resources */,
				1EC36C9927A353BA00A51F90 /* Assets.xcassets in Resources */,
			);
			runOnlyForDeploymentPostprocessing = 0;
		};
/* End PBXResourcesBuildPhase section */

/* Begin PBXShellScriptBuildPhase section */
		4E83B9ACD41638278BC11F49 /* [CP] Embed Pods Frameworks */ = {
			isa = PBXShellScriptBuildPhase;
			buildActionMask = 2147483647;
			files = (
			);
			inputFileListPaths = (
				"${PODS_ROOT}/Target Support Files/Pods-DaumCafeBlogRxSwift/Pods-DaumCafeBlogRxSwift-frameworks-${CONFIGURATION}-input-files.xcfilelist",
			);
			name = "[CP] Embed Pods Frameworks";
			outputFileListPaths = (
				"${PODS_ROOT}/Target Support Files/Pods-DaumCafeBlogRxSwift/Pods-DaumCafeBlogRxSwift-frameworks-${CONFIGURATION}-output-files.xcfilelist",
			);
			runOnlyForDeploymentPostprocessing = 0;
			shellPath = /bin/sh;
			shellScript = "\"${PODS_ROOT}/Target Support Files/Pods-DaumCafeBlogRxSwift/Pods-DaumCafeBlogRxSwift-frameworks.sh\"\n";
			showEnvVarsInLog = 0;
		};
		CB305AD6F5B232134CEE18A1 /* [CP] Check Pods Manifest.lock */ = {
			isa = PBXShellScriptBuildPhase;
			buildActionMask = 2147483647;
			files = (
			);
			inputFileListPaths = (
			);
			inputPaths = (
				"${PODS_PODFILE_DIR_PATH}/Podfile.lock",
				"${PODS_ROOT}/Manifest.lock",
			);
			name = "[CP] Check Pods Manifest.lock";
			outputFileListPaths = (
			);
			outputPaths = (
				"$(DERIVED_FILE_DIR)/Pods-DaumCafeBlogRxSwift-checkManifestLockResult.txt",
			);
			runOnlyForDeploymentPostprocessing = 0;
			shellPath = /bin/sh;
			shellScript = "diff \"${PODS_PODFILE_DIR_PATH}/Podfile.lock\" \"${PODS_ROOT}/Manifest.lock\" > /dev/null\nif [ $? != 0 ] ; then\n    # print error to STDERR\n    echo \"error: The sandbox is not in sync with the Podfile.lock. Run 'pod install' or update your CocoaPods installation.\" >&2\n    exit 1\nfi\n# This output is used by Xcode 'outputs' to avoid re-running this script phase.\necho \"SUCCESS\" > \"${SCRIPT_OUTPUT_FILE_0}\"\n";
			showEnvVarsInLog = 0;
		};
/* End PBXShellScriptBuildPhase section */

/* Begin PBXSourcesBuildPhase section */
		1EC36C8827A353B800A51F90 /* Sources */ = {
			isa = PBXSourcesBuildPhase;
			buildActionMask = 2147483647;
			files = (
				1EC36CA427A362E500A51F90 /* MainViewController.swift in Sources */,
				1EC36CAC27A36C2A00A51F90 /* BlogListCell.swift in Sources */,
				1EC36CAA27A36C0F00A51F90 /* BlogList.swift in Sources */,
				1EC36CAE27A36C3900A51F90 /* BlogListCellData.swift in Sources */,
				1EC36CA627A363C100A51F90 /* SearchBar.swift in Sources */,
				1EC36C9027A353B800A51F90 /* AppDelegate.swift in Sources */,
				1EC36CA827A36AB500A51F90 /* FilterView.swift in Sources */,
				1EC36C9227A353B800A51F90 /* SceneDelegate.swift in Sources */,
				1EC2175427A4BB0A00DD589C /* AlertActionConvertible.swift in Sources */,
			);
			runOnlyForDeploymentPostprocessing = 0;
		};
/* End PBXSourcesBuildPhase section */

/* Begin PBXVariantGroup section */
		1EC36C9A27A353BA00A51F90 /* LaunchScreen.storyboard */ = {
			isa = PBXVariantGroup;
			children = (
				1EC36C9B27A353BA00A51F90 /* Base */,
			);
			name = LaunchScreen.storyboard;
			sourceTree = "<group>";
		};
/* End PBXVariantGroup section */

/* Begin XCBuildConfiguration section */
		1EC36C9E27A353BA00A51F90 /* Debug */ = {
			isa = XCBuildConfiguration;
			buildSettings = {
				ALWAYS_SEARCH_USER_PATHS = NO;
				CLANG_ANALYZER_NONNULL = YES;
				CLANG_ANALYZER_NUMBER_OBJECT_CONVERSION = YES_AGGRESSIVE;
				CLANG_CXX_LANGUAGE_STANDARD = "gnu++17";
				CLANG_CXX_LIBRARY = "libc++";
				CLANG_ENABLE_MODULES = YES;
				CLANG_ENABLE_OBJC_ARC = YES;
				CLANG_ENABLE_OBJC_WEAK = YES;
				CLANG_WARN_BLOCK_CAPTURE_AUTORELEASING = YES;
				CLANG_WARN_BOOL_CONVERSION = YES;
				CLANG_WARN_COMMA = YES;
				CLANG_WARN_CONSTANT_CONVERSION = YES;
				CLANG_WARN_DEPRECATED_OBJC_IMPLEMENTATIONS = YES;
				CLANG_WARN_DIRECT_OBJC_ISA_USAGE = YES_ERROR;
				CLANG_WARN_DOCUMENTATION_COMMENTS = YES;
				CLANG_WARN_EMPTY_BODY = YES;
				CLANG_WARN_ENUM_CONVERSION = YES;
				CLANG_WARN_INFINITE_RECURSION = YES;
				CLANG_WARN_INT_CONVERSION = YES;
				CLANG_WARN_NON_LITERAL_NULL_CONVERSION = YES;
				CLANG_WARN_OBJC_IMPLICIT_RETAIN_SELF = YES;
				CLANG_WARN_OBJC_LITERAL_CONVERSION = YES;
				CLANG_WARN_OBJC_ROOT_CLASS = YES_ERROR;
				CLANG_WARN_QUOTED_INCLUDE_IN_FRAMEWORK_HEADER = YES;
				CLANG_WARN_RANGE_LOOP_ANALYSIS = YES;
				CLANG_WARN_STRICT_PROTOTYPES = YES;
				CLANG_WARN_SUSPICIOUS_MOVE = YES;
				CLANG_WARN_UNGUARDED_AVAILABILITY = YES_AGGRESSIVE;
				CLANG_WARN_UNREACHABLE_CODE = YES;
				CLANG_WARN__DUPLICATE_METHOD_MATCH = YES;
				COPY_PHASE_STRIP = NO;
				DEBUG_INFORMATION_FORMAT = dwarf;
				ENABLE_STRICT_OBJC_MSGSEND = YES;
				ENABLE_TESTABILITY = YES;
				GCC_C_LANGUAGE_STANDARD = gnu11;
				GCC_DYNAMIC_NO_PIC = NO;
				GCC_NO_COMMON_BLOCKS = YES;
				GCC_OPTIMIZATION_LEVEL = 0;
				GCC_PREPROCESSOR_DEFINITIONS = (
					"DEBUG=1",
					"$(inherited)",
				);
				GCC_WARN_64_TO_32_BIT_CONVERSION = YES;
				GCC_WARN_ABOUT_RETURN_TYPE = YES_ERROR;
				GCC_WARN_UNDECLARED_SELECTOR = YES;
				GCC_WARN_UNINITIALIZED_AUTOS = YES_AGGRESSIVE;
				GCC_WARN_UNUSED_FUNCTION = YES;
				GCC_WARN_UNUSED_VARIABLE = YES;
				IPHONEOS_DEPLOYMENT_TARGET = 15.2;
				MTL_ENABLE_DEBUG_INFO = INCLUDE_SOURCE;
				MTL_FAST_MATH = YES;
				ONLY_ACTIVE_ARCH = YES;
				SDKROOT = iphoneos;
				SWIFT_ACTIVE_COMPILATION_CONDITIONS = DEBUG;
				SWIFT_OPTIMIZATION_LEVEL = "-Onone";
			};
			name = Debug;
		};
		1EC36C9F27A353BA00A51F90 /* Release */ = {
			isa = XCBuildConfiguration;
			buildSettings = {
				ALWAYS_SEARCH_USER_PATHS = NO;
				CLANG_ANALYZER_NONNULL = YES;
				CLANG_ANALYZER_NUMBER_OBJECT_CONVERSION = YES_AGGRESSIVE;
				CLANG_CXX_LANGUAGE_STANDARD = "gnu++17";
				CLANG_CXX_LIBRARY = "libc++";
				CLANG_ENABLE_MODULES = YES;
				CLANG_ENABLE_OBJC_ARC = YES;
				CLANG_ENABLE_OBJC_WEAK = YES;
				CLANG_WARN_BLOCK_CAPTURE_AUTORELEASING = YES;
				CLANG_WARN_BOOL_CONVERSION = YES;
				CLANG_WARN_COMMA = YES;
				CLANG_WARN_CONSTANT_CONVERSION = YES;
				CLANG_WARN_DEPRECATED_OBJC_IMPLEMENTATIONS = YES;
				CLANG_WARN_DIRECT_OBJC_ISA_USAGE = YES_ERROR;
				CLANG_WARN_DOCUMENTATION_COMMENTS = YES;
				CLANG_WARN_EMPTY_BODY = YES;
				CLANG_WARN_ENUM_CONVERSION = YES;
				CLANG_WARN_INFINITE_RECURSION = YES;
				CLANG_WARN_INT_CONVERSION = YES;
				CLANG_WARN_NON_LITERAL_NULL_CONVERSION = YES;
				CLANG_WARN_OBJC_IMPLICIT_RETAIN_SELF = YES;
				CLANG_WARN_OBJC_LITERAL_CONVERSION = YES;
				CLANG_WARN_OBJC_ROOT_CLASS = YES_ERROR;
				CLANG_WARN_QUOTED_INCLUDE_IN_FRAMEWORK_HEADER = YES;
				CLANG_WARN_RANGE_LOOP_ANALYSIS = YES;
				CLANG_WARN_STRICT_PROTOTYPES = YES;
				CLANG_WARN_SUSPICIOUS_MOVE = YES;
				CLANG_WARN_UNGUARDED_AVAILABILITY = YES_AGGRESSIVE;
				CLANG_WARN_UNREACHABLE_CODE = YES;
				CLANG_WARN__DUPLICATE_METHOD_MATCH = YES;
				COPY_PHASE_STRIP = NO;
				DEBUG_INFORMATION_FORMAT = "dwarf-with-dsym";
				ENABLE_NS_ASSERTIONS = NO;
				ENABLE_STRICT_OBJC_MSGSEND = YES;
				GCC_C_LANGUAGE_STANDARD = gnu11;
				GCC_NO_COMMON_BLOCKS = YES;
				GCC_WARN_64_TO_32_BIT_CONVERSION = YES;
				GCC_WARN_ABOUT_RETURN_TYPE = YES_ERROR;
				GCC_WARN_UNDECLARED_SELECTOR = YES;
				GCC_WARN_UNINITIALIZED_AUTOS = YES_AGGRESSIVE;
				GCC_WARN_UNUSED_FUNCTION = YES;
				GCC_WARN_UNUSED_VARIABLE = YES;
				IPHONEOS_DEPLOYMENT_TARGET = 15.2;
				MTL_ENABLE_DEBUG_INFO = NO;
				MTL_FAST_MATH = YES;
				SDKROOT = iphoneos;
				SWIFT_COMPILATION_MODE = wholemodule;
				SWIFT_OPTIMIZATION_LEVEL = "-O";
				VALIDATE_PRODUCT = YES;
			};
			name = Release;
		};
		1EC36CA127A353BA00A51F90 /* Debug */ = {
			isa = XCBuildConfiguration;
			baseConfigurationReference = 2413E4B0255DC4542C20C6B1 /* Pods-DaumCafeBlogRxSwift.debug.xcconfig */;
			buildSettings = {
				ASSETCATALOG_COMPILER_APPICON_NAME = AppIcon;
				ASSETCATALOG_COMPILER_GLOBAL_ACCENT_COLOR_NAME = AccentColor;
				CODE_SIGN_STYLE = Automatic;
				CURRENT_PROJECT_VERSION = 1;
				DEVELOPMENT_TEAM = 4FTFKXF8N5;
				GENERATE_INFOPLIST_FILE = YES;
				INFOPLIST_FILE = DaumCafeBlogRxSwift/Info.plist;
				INFOPLIST_KEY_UIApplicationSupportsIndirectInputEvents = YES;
				INFOPLIST_KEY_UILaunchStoryboardName = LaunchScreen;
				INFOPLIST_KEY_UIMainStoryboardFile = LaunchScreen;
				INFOPLIST_KEY_UISupportedInterfaceOrientations_iPad = "UIInterfaceOrientationPortrait UIInterfaceOrientationPortraitUpsideDown UIInterfaceOrientationLandscapeLeft UIInterfaceOrientationLandscapeRight";
				INFOPLIST_KEY_UISupportedInterfaceOrientations_iPhone = "UIInterfaceOrientationPortrait UIInterfaceOrientationLandscapeLeft UIInterfaceOrientationLandscapeRight";
				LD_RUNPATH_SEARCH_PATHS = (
					"$(inherited)",
					"@executable_path/Frameworks",
				);
				MARKETING_VERSION = 1.0;
				PRODUCT_BUNDLE_IDENTIFIER = com.jeongminkim.DaumCafeBlogRxSwift;
				PRODUCT_NAME = "$(TARGET_NAME)";
				SWIFT_EMIT_LOC_STRINGS = YES;
				SWIFT_VERSION = 5.0;
				TARGETED_DEVICE_FAMILY = "1,2";
			};
			name = Debug;
		};
		1EC36CA227A353BA00A51F90 /* Release */ = {
			isa = XCBuildConfiguration;
			baseConfigurationReference = 44C20F40738D922B6B17A0E7 /* Pods-DaumCafeBlogRxSwift.release.xcconfig */;
			buildSettings = {
				ASSETCATALOG_COMPILER_APPICON_NAME = AppIcon;
				ASSETCATALOG_COMPILER_GLOBAL_ACCENT_COLOR_NAME = AccentColor;
				CODE_SIGN_STYLE = Automatic;
				CURRENT_PROJECT_VERSION = 1;
				DEVELOPMENT_TEAM = 4FTFKXF8N5;
				GENERATE_INFOPLIST_FILE = YES;
				INFOPLIST_FILE = DaumCafeBlogRxSwift/Info.plist;
				INFOPLIST_KEY_UIApplicationSupportsIndirectInputEvents = YES;
				INFOPLIST_KEY_UILaunchStoryboardName = LaunchScreen;
				INFOPLIST_KEY_UIMainStoryboardFile = LaunchScreen;
				INFOPLIST_KEY_UISupportedInterfaceOrientations_iPad = "UIInterfaceOrientationPortrait UIInterfaceOrientationPortraitUpsideDown UIInterfaceOrientationLandscapeLeft UIInterfaceOrientationLandscapeRight";
				INFOPLIST_KEY_UISupportedInterfaceOrientations_iPhone = "UIInterfaceOrientationPortrait UIInterfaceOrientationLandscapeLeft UIInterfaceOrientationLandscapeRight";
				LD_RUNPATH_SEARCH_PATHS = (
					"$(inherited)",
					"@executable_path/Frameworks",
				);
				MARKETING_VERSION = 1.0;
				PRODUCT_BUNDLE_IDENTIFIER = com.jeongminkim.DaumCafeBlogRxSwift;
				PRODUCT_NAME = "$(TARGET_NAME)";
				SWIFT_EMIT_LOC_STRINGS = YES;
				SWIFT_VERSION = 5.0;
				TARGETED_DEVICE_FAMILY = "1,2";
			};
			name = Release;
		};
/* End XCBuildConfiguration section */

/* Begin XCConfigurationList section */
		1EC36C8727A353B800A51F90 /* Build configuration list for PBXProject "DaumCafeBlogRxSwift" */ = {
			isa = XCConfigurationList;
			buildConfigurations = (
				1EC36C9E27A353BA00A51F90 /* Debug */,
				1EC36C9F27A353BA00A51F90 /* Release */,
			);
			defaultConfigurationIsVisible = 0;
			defaultConfigurationName = Release;
		};
		1EC36CA027A353BA00A51F90 /* Build configuration list for PBXNativeTarget "DaumCafeBlogRxSwift" */ = {
			isa = XCConfigurationList;
			buildConfigurations = (
				1EC36CA127A353BA00A51F90 /* Debug */,
				1EC36CA227A353BA00A51F90 /* Release */,
			);
			defaultConfigurationIsVisible = 0;
			defaultConfigurationName = Release;
		};
/* End XCConfigurationList section */
	};
	rootObject = 1EC36C8427A353B800A51F90 /* Project object */;
}
